
Microsoft Visual Studio Solution File, Format Version 12.00
# Visual Studio Version 16
VisualStudioVersion = 16.0.29521.150
MinimumVisualStudioVersion = 10.0.40219.1
Project("{9A19103F-16F7-4668-BE54-9A1E7A4F7556}") = "AppInsightsDemo.API", "AppInsightsDemo.API\AppInsightsDemo.API.csproj", "{A815CC92-F79C-40EA-9A8D-2B0C79451244}"
EndProject
Project("{2150E333-8FDC-42A3-9474-1A3956D46DE8}") = "Deployment", "Deployment", "{970E5288-CA82-48B6-9533-03791C834F18}"
	ProjectSection(SolutionItems) = preProject
		.github\workflows\api.yml = .github\workflows\api.yml
	EndProjectSection
EndProject
Global
	GlobalSection(SolutionConfigurationPlatforms) = preSolution
		Debug|Any CPU = Debug|Any CPU
		Release|Any CPU = Release|Any CPU
	EndGlobalSection
	GlobalSection(ProjectConfigurationPlatforms) = postSolution
		{A815CC92-F79C-40EA-9A8D-2B0C79451244}.Debug|Any CPU.ActiveCfg = Debug|Any CPU
		{A815CC92-F79C-40EA-9A8D-2B0C79451244}.Debug|Any CPU.Build.0 = Debug|Any CPU
		{A815CC92-F79C-40EA-9A8D-2B0C79451244}.Release|Any CPU.ActiveCfg = Release|Any CPU
		{A815CC92-F79C-40EA-9A8D-2B0C79451244}.Release|Any CPU.Build.0 = Release|Any CPU
	EndGlobalSection
	GlobalSection(SolutionProperties) = preSolution
		HideSolutionNode = FALSE
	EndGlobalSection
	GlobalSection(ExtensibilityGlobals) = postSolution
		SolutionGuid = {8EE2B9ED-E937-45A5-9E30-3BB5D043A8FF}
	EndGlobalSection
EndGlobal
